// !$*UTF8*$!
{
	archiveVersion = 1;
	classes = {
	};
	objectVersion = 77;
	objects = {

/* Begin PBXCopyFilesBuildPhase section */
		AB0409BF2CACBE9700FAE9B3 /* CopyFiles */ = {
			isa = PBXCopyFilesBuildPhase;
			buildActionMask = 2147483647;
			dstPath = /usr/share/man/man1/;
			dstSubfolderSpec = 0;
			files = (
			);
			runOnlyForDeploymentPostprocessing = 1;
		};
		ABA17B392CAC9D6F000C5050 /* CopyFiles */ = {
			isa = PBXCopyFilesBuildPhase;
			buildActionMask = 2147483647;
			dstPath = /usr/share/man/man1/;
			dstSubfolderSpec = 0;
			files = (
			);
			runOnlyForDeploymentPostprocessing = 1;
		};
		ABA17B4E2CAC9E70000C5050 /* CopyFiles */ = {
			isa = PBXCopyFilesBuildPhase;
			buildActionMask = 2147483647;
			dstPath = /usr/share/man/man1/;
			dstSubfolderSpec = 0;
			files = (
			);
			runOnlyForDeploymentPostprocessing = 1;
		};
		ABA17B592CAC9EA2000C5050 /* CopyFiles */ = {
			isa = PBXCopyFilesBuildPhase;
			buildActionMask = 2147483647;
			dstPath = /usr/share/man/man1/;
			dstSubfolderSpec = 0;
			files = (
			);
			runOnlyForDeploymentPostprocessing = 1;
		};
		ABA17B642CAC9EB0000C5050 /* CopyFiles */ = {
			isa = PBXCopyFilesBuildPhase;
			buildActionMask = 2147483647;
			dstPath = /usr/share/man/man1/;
			dstSubfolderSpec = 0;
			files = (
			);
			runOnlyForDeploymentPostprocessing = 1;
		};
/* End PBXCopyFilesBuildPhase section */

/* Begin PBXFileReference section */
		AB0409A62CACAE0F00FAE9B3 /* L01EX01 */ = {isa = PBXFileReference; explicitFileType = "compiled.mach-o.executable"; includeInIndex = 0; path = L01EX01; sourceTree = BUILT_PRODUCTS_DIR; };
		AB0409A72CACAE0F00FAE9B3 /* L01EX02 */ = {isa = PBXFileReference; explicitFileType = "compiled.mach-o.executable"; includeInIndex = 0; path = L01EX02; sourceTree = BUILT_PRODUCTS_DIR; };
		AB0409A82CACAE0F00FAE9B3 /* L01HW01 */ = {isa = PBXFileReference; explicitFileType = "compiled.mach-o.executable"; includeInIndex = 0; path = L01HW01; sourceTree = BUILT_PRODUCTS_DIR; };
		AB0409A92CACAE0F00FAE9B3 /* L01HW02 */ = {isa = PBXFileReference; explicitFileType = "compiled.mach-o.executable"; includeInIndex = 0; path = L01HW02; sourceTree = BUILT_PRODUCTS_DIR; };
		AB0409C12CACBE9700FAE9B3 /* L01HW03 */ = {isa = PBXFileReference; explicitFileType = "compiled.mach-o.executable"; includeInIndex = 0; path = L01HW03; sourceTree = BUILT_PRODUCTS_DIR; };
/* End PBXFileReference section */

/* Begin PBXFileSystemSynchronizedBuildFileExceptionSet section */
		AB0409CB2CACBE9D00FAE9B3 /* Exceptions for "c202" folder in "L01HW03" target */ = {
			isa = PBXFileSystemSynchronizedBuildFileExceptionSet;
			membershipExceptions = (
				L01HW03/Letters.cpp,
			);
			target = AB0409C02CACBE9700FAE9B3 /* L01HW03 */;
		};
		ABDC0DB62CACA017009EA887 /* Exceptions for "c202" folder in "L01EX01" target */ = {
			isa = PBXFileSystemSynchronizedBuildFileExceptionSet;
			membershipExceptions = (
				L01EX02/ShortestSteps.cpp,
				L01HW01/CollectionInput.cpp,
				L01HW02/CountingRooms.cpp,
				L01HW03/Letters.cpp,
			);
			target = ABA17B3A2CAC9D6F000C5050 /* L01EX01 */;
		};
		ABDC0DB72CACA017009EA887 /* Exceptions for "c202" folder in "L01EX02" target */ = {
			isa = PBXFileSystemSynchronizedBuildFileExceptionSet;
			membershipExceptions = (
				L01EX02/ShortestSteps.cpp,
			);
			target = ABA17B4F2CAC9E70000C5050 /* L01EX02 */;
		};
		ABDC0DBC2CACA01B009EA887 /* Exceptions for "c202" folder in "L01HW01" target */ = {
			isa = PBXFileSystemSynchronizedBuildFileExceptionSet;
			membershipExceptions = (
				L01HW01/CollectionInput.cpp,
			);
			target = ABA17B5A2CAC9EA2000C5050 /* L01HW01 */;
		};
		ABDC0DC12CACA01F009EA887 /* Exceptions for "c202" folder in "L01HW02" target */ = {
			isa = PBXFileSystemSynchronizedBuildFileExceptionSet;
			membershipExceptions = (
				L01HW02/CountingRooms.cpp,
			);
			target = ABA17B652CAC9EB0000C5050 /* L01HW02 */;
		};
/* End PBXFileSystemSynchronizedBuildFileExceptionSet section */

/* Begin PBXFileSystemSynchronizedRootGroup section */
		ABA17B462CAC9DBB000C5050 /* c202 */ = {
			isa = PBXFileSystemSynchronizedRootGroup;
			exceptions = (
				ABDC0DB62CACA017009EA887 /* Exceptions for "c202" folder in "L01EX01" target */,
				ABDC0DB72CACA017009EA887 /* Exceptions for "c202" folder in "L01EX02" target */,
				ABDC0DBC2CACA01B009EA887 /* Exceptions for "c202" folder in "L01HW01" target */,
				ABDC0DC12CACA01F009EA887 /* Exceptions for "c202" folder in "L01HW02" target */,
				AB0409CB2CACBE9D00FAE9B3 /* Exceptions for "c202" folder in "L01HW03" target */,
			);
			path = c202;
			sourceTree = "<group>";
		};
/* End PBXFileSystemSynchronizedRootGroup section */

/* Begin PBXFrameworksBuildPhase section */
		AB0409BE2CACBE9700FAE9B3 /* Frameworks */ = {
			isa = PBXFrameworksBuildPhase;
			buildActionMask = 2147483647;
			files = (
			);
			runOnlyForDeploymentPostprocessing = 0;
		};
		ABA17B382CAC9D6F000C5050 /* Frameworks */ = {
			isa = PBXFrameworksBuildPhase;
			buildActionMask = 2147483647;
			files = (
			);
			runOnlyForDeploymentPostprocessing = 0;
		};
		ABA17B4D2CAC9E70000C5050 /* Frameworks */ = {
			isa = PBXFrameworksBuildPhase;
			buildActionMask = 2147483647;
			files = (
			);
			runOnlyForDeploymentPostprocessing = 0;
		};
		ABA17B582CAC9EA2000C5050 /* Frameworks */ = {
			isa = PBXFrameworksBuildPhase;
			buildActionMask = 2147483647;
			files = (
			);
			runOnlyForDeploymentPostprocessing = 0;
		};
		ABA17B632CAC9EB0000C5050 /* Frameworks */ = {
			isa = PBXFrameworksBuildPhase;
			buildActionMask = 2147483647;
			files = (
			);
			runOnlyForDeploymentPostprocessing = 0;
		};
/* End PBXFrameworksBuildPhase section */

/* Begin PBXGroup section */
		ABA17B322CAC9D6F000C5050 = {
			isa = PBXGroup;
			children = (
				ABA17B462CAC9DBB000C5050 /* c202 */,
				AB0409A62CACAE0F00FAE9B3 /* L01EX01 */,
				AB0409A72CACAE0F00FAE9B3 /* L01EX02 */,
				AB0409A82CACAE0F00FAE9B3 /* L01HW01 */,
				AB0409A92CACAE0F00FAE9B3 /* L01HW02 */,
				AB0409C12CACBE9700FAE9B3 /* L01HW03 */,
			);
			sourceTree = "<group>";
		};
/* End PBXGroup section */

/* Begin PBXNativeTarget section */
		AB0409C02CACBE9700FAE9B3 /* L01HW03 */ = {
			isa = PBXNativeTarget;
			buildConfigurationList = AB0409C72CACBE9700FAE9B3 /* Build configuration list for PBXNativeTarget "L01HW03" */;
			buildPhases = (
				AB0409BD2CACBE9700FAE9B3 /* Sources */,
				AB0409BE2CACBE9700FAE9B3 /* Frameworks */,
				AB0409BF2CACBE9700FAE9B3 /* CopyFiles */,
			);
			buildRules = (
			);
			dependencies = (
			);
			name = L01HW03;
			packageProductDependencies = (
			);
			productName = L01HW03;
			productReference = AB0409C12CACBE9700FAE9B3 /* L01HW03 */;
			productType = "com.apple.product-type.tool";
		};
		ABA17B3A2CAC9D6F000C5050 /* L01EX01 */ = {
			isa = PBXNativeTarget;
			buildConfigurationList = ABA17B422CAC9D6F000C5050 /* Build configuration list for PBXNativeTarget "L01EX01" */;
			buildPhases = (
				ABA17B372CAC9D6F000C5050 /* Sources */,
				ABA17B382CAC9D6F000C5050 /* Frameworks */,
				ABA17B392CAC9D6F000C5050 /* CopyFiles */,
			);
			buildRules = (
			);
			dependencies = (
			);
			fileSystemSynchronizedGroups = (
				ABA17B462CAC9DBB000C5050 /* c202 */,
			);
			name = L01EX01;
			packageProductDependencies = (
			);
			productName = xcamp;
			productReference = AB0409A62CACAE0F00FAE9B3 /* L01EX01 */;
			productType = "com.apple.product-type.tool";
		};
		ABA17B4F2CAC9E70000C5050 /* L01EX02 */ = {
			isa = PBXNativeTarget;
			buildConfigurationList = ABA17B542CAC9E70000C5050 /* Build configuration list for PBXNativeTarget "L01EX02" */;
			buildPhases = (
				ABA17B4C2CAC9E70000C5050 /* Sources */,
				ABA17B4D2CAC9E70000C5050 /* Frameworks */,
				ABA17B4E2CAC9E70000C5050 /* CopyFiles */,
			);
			buildRules = (
			);
			dependencies = (
			);
			name = L01EX02;
			packageProductDependencies = (
			);
			productName = L01EX02;
			productReference = AB0409A72CACAE0F00FAE9B3 /* L01EX02 */;
			productType = "com.apple.product-type.tool";
		};
		ABA17B5A2CAC9EA2000C5050 /* L01HW01 */ = {
			isa = PBXNativeTarget;
			buildConfigurationList = ABA17B5F2CAC9EA2000C5050 /* Build configuration list for PBXNativeTarget "L01HW01" */;
			buildPhases = (
				ABA17B572CAC9EA2000C5050 /* Sources */,
				ABA17B582CAC9EA2000C5050 /* Frameworks */,
				ABA17B592CAC9EA2000C5050 /* CopyFiles */,
			);
			buildRules = (
			);
			dependencies = (
			);
			name = L01HW01;
			packageProductDependencies = (
			);
			productName = L01HW01;
			productReference = AB0409A82CACAE0F00FAE9B3 /* L01HW01 */;
			productType = "com.apple.product-type.tool";
		};
		ABA17B652CAC9EB0000C5050 /* L01HW02 */ = {
			isa = PBXNativeTarget;
			buildConfigurationList = ABA17B6A2CAC9EB0000C5050 /* Build configuration list for PBXNativeTarget "L01HW02" */;
			buildPhases = (
				ABA17B622CAC9EB0000C5050 /* Sources */,
				ABA17B632CAC9EB0000C5050 /* Frameworks */,
				ABA17B642CAC9EB0000C5050 /* CopyFiles */,
			);
			buildRules = (
			);
			dependencies = (
			);
			name = L01HW02;
			packageProductDependencies = (
			);
			productName = L01HW02;
			productReference = AB0409A92CACAE0F00FAE9B3 /* L01HW02 */;
			productType = "com.apple.product-type.tool";
		};
/* End PBXNativeTarget section */

/* Begin PBXProject section */
		ABA17B332CAC9D6F000C5050 /* Project object */ = {
			isa = PBXProject;
			attributes = {
				BuildIndependentTargetsInParallel = 1;
				LastUpgradeCheck = 1600;
				TargetAttributes = {
					AB0409C02CACBE9700FAE9B3 = {
						CreatedOnToolsVersion = 16.0;
					};
					ABA17B3A2CAC9D6F000C5050 = {
						CreatedOnToolsVersion = 16.0;
					};
					ABA17B4F2CAC9E70000C5050 = {
						CreatedOnToolsVersion = 16.0;
					};
					ABA17B5A2CAC9EA2000C5050 = {
						CreatedOnToolsVersion = 16.0;
					};
					ABA17B652CAC9EB0000C5050 = {
						CreatedOnToolsVersion = 16.0;
					};
				};
			};
			buildConfigurationList = ABA17B362CAC9D6F000C5050 /* Build configuration list for PBXProject "xcamp" */;
			developmentRegion = en;
			hasScannedForEncodings = 0;
			knownRegions = (
				en,
				Base,
			);
			mainGroup = ABA17B322CAC9D6F000C5050;
			minimizedProjectReferenceProxies = 1;
			preferredProjectObjectVersion = 77;
			productRefGroup = ABA17B322CAC9D6F000C5050;
			projectDirPath = "";
			projectRoot = "";
			targets = (
				ABA17B3A2CAC9D6F000C5050 /* L01EX01 */,
				ABA17B4F2CAC9E70000C5050 /* L01EX02 */,
				ABA17B5A2CAC9EA2000C5050 /* L01HW01 */,
				ABA17B652CAC9EB0000C5050 /* L01HW02 */,
				AB0409C02CACBE9700FAE9B3 /* L01HW03 */,
			);
		};
/* End PBXProject section */

/* Begin PBXSourcesBuildPhase section */
		AB0409BD2CACBE9700FAE9B3 /* Sources */ = {
			isa = PBXSourcesBuildPhase;
			buildActionMask = 2147483647;
			files = (
			);
			runOnlyForDeploymentPostprocessing = 0;
		};
		ABA17B372CAC9D6F000C5050 /* Sources */ = {
			isa = PBXSourcesBuildPhase;
			buildActionMask = 2147483647;
			files = (
			);
			runOnlyForDeploymentPostprocessing = 0;
		};
		ABA17B4C2CAC9E70000C5050 /* Sources */ = {
			isa = PBXSourcesBuildPhase;
			buildActionMask = 2147483647;
			files = (
			);
			runOnlyForDeploymentPostprocessing = 0;
		};
		ABA17B572CAC9EA2000C5050 /* Sources */ = {
			isa = PBXSourcesBuildPhase;
			buildActionMask = 2147483647;
			files = (
			);
			runOnlyForDeploymentPostprocessing = 0;
		};
		ABA17B622CAC9EB0000C5050 /* Sources */ = {
			isa = PBXSourcesBuildPhase;
			buildActionMask = 2147483647;
			files = (
			);
			runOnlyForDeploymentPostprocessing = 0;
		};
/* End PBXSourcesBuildPhase section */

/* Begin XCBuildConfiguration section */
		AB0409C52CACBE9700FAE9B3 /* Debug */ = {
			isa = XCBuildConfiguration;
			buildSettings = {
				CODE_SIGN_STYLE = Automatic;
				PRODUCT_NAME = "$(TARGET_NAME)";
			};
			name = Debug;
		};
		AB0409C62CACBE9700FAE9B3 /* Release */ = {
			isa = XCBuildConfiguration;
			buildSettings = {
				CODE_SIGN_STYLE = Automatic;
				PRODUCT_NAME = "$(TARGET_NAME)";
			};
			name = Release;
		};
		ABA17B402CAC9D6F000C5050 /* Debug */ = {
			isa = XCBuildConfiguration;
			buildSettings = {
				ALWAYS_SEARCH_USER_PATHS = NO;
				ASSETCATALOG_COMPILER_GENERATE_SWIFT_ASSET_SYMBOL_EXTENSIONS = YES;
				CLANG_ANALYZER_NONNULL = YES;
				CLANG_ANALYZER_NUMBER_OBJECT_CONVERSION = YES_AGGRESSIVE;
				CLANG_CXX_LANGUAGE_STANDARD = "gnu++20";
				CLANG_ENABLE_MODULES = YES;
				CLANG_ENABLE_OBJC_ARC = YES;
				CLANG_ENABLE_OBJC_WEAK = YES;
				CLANG_WARN_BLOCK_CAPTURE_AUTORELEASING = YES;
				CLANG_WARN_BOOL_CONVERSION = YES;
				CLANG_WARN_COMMA = YES;
				CLANG_WARN_CONSTANT_CONVERSION = YES;
				CLANG_WARN_DEPRECATED_OBJC_IMPLEMENTATIONS = YES;
				CLANG_WARN_DIRECT_OBJC_ISA_USAGE = YES_ERROR;
				CLANG_WARN_DOCUMENTATION_COMMENTS = YES;
				CLANG_WARN_EMPTY_BODY = YES;
				CLANG_WARN_ENUM_CONVERSION = YES;
				CLANG_WARN_INFINITE_RECURSION = YES;
				CLANG_WARN_INT_CONVERSION = YES;
				CLANG_WARN_NON_LITERAL_NULL_CONVERSION = YES;
				CLANG_WARN_OBJC_IMPLICIT_RETAIN_SELF = YES;
				CLANG_WARN_OBJC_LITERAL_CONVERSION = YES;
				CLANG_WARN_OBJC_ROOT_CLASS = YES_ERROR;
				CLANG_WARN_QUOTED_INCLUDE_IN_FRAMEWORK_HEADER = YES;
				CLANG_WARN_RANGE_LOOP_ANALYSIS = YES;
				CLANG_WARN_STRICT_PROTOTYPES = YES;
				CLANG_WARN_SUSPICIOUS_MOVE = YES;
				CLANG_WARN_UNGUARDED_AVAILABILITY = YES_AGGRESSIVE;
				CLANG_WARN_UNREACHABLE_CODE = YES;
				CLANG_WARN__DUPLICATE_METHOD_MATCH = YES;
				COPY_PHASE_STRIP = NO;
				DEBUG_INFORMATION_FORMAT = dwarf;
				ENABLE_STRICT_OBJC_MSGSEND = YES;
				ENABLE_TESTABILITY = YES;
				ENABLE_USER_SCRIPT_SANDBOXING = YES;
				GCC_C_LANGUAGE_STANDARD = gnu17;
				GCC_DYNAMIC_NO_PIC = NO;
				GCC_NO_COMMON_BLOCKS = YES;
				GCC_OPTIMIZATION_LEVEL = 0;
				GCC_PREPROCESSOR_DEFINITIONS = (
					"DEBUG=1",
					"$(inherited)",
				);
				GCC_WARN_64_TO_32_BIT_CONVERSION = YES;
				GCC_WARN_ABOUT_RETURN_TYPE = YES_ERROR;
				GCC_WARN_UNDECLARED_SELECTOR = YES;
				GCC_WARN_UNINITIALIZED_AUTOS = YES_AGGRESSIVE;
				GCC_WARN_UNUSED_FUNCTION = YES;
				GCC_WARN_UNUSED_VARIABLE = YES;
				LOCALIZATION_PREFERS_STRING_CATALOGS = YES;
				MACOSX_DEPLOYMENT_TARGET = 15.0;
				MTL_ENABLE_DEBUG_INFO = INCLUDE_SOURCE;
				MTL_FAST_MATH = YES;
				ONLY_ACTIVE_ARCH = YES;
				SDKROOT = macosx;
			};
			name = Debug;
		};
		ABA17B412CAC9D6F000C5050 /* Release */ = {
			isa = XCBuildConfiguration;
			buildSettings = {
				ALWAYS_SEARCH_USER_PATHS = NO;
				ASSETCATALOG_COMPILER_GENERATE_SWIFT_ASSET_SYMBOL_EXTENSIONS = YES;
				CLANG_ANALYZER_NONNULL = YES;
				CLANG_ANALYZER_NUMBER_OBJECT_CONVERSION = YES_AGGRESSIVE;
				CLANG_CXX_LANGUAGE_STANDARD = "gnu++20";
				CLANG_ENABLE_MODULES = YES;
				CLANG_ENABLE_OBJC_ARC = YES;
				CLANG_ENABLE_OBJC_WEAK = YES;
				CLANG_WARN_BLOCK_CAPTURE_AUTORELEASING = YES;
				CLANG_WARN_BOOL_CONVERSION = YES;
				CLANG_WARN_COMMA = YES;
				CLANG_WARN_CONSTANT_CONVERSION = YES;
				CLANG_WARN_DEPRECATED_OBJC_IMPLEMENTATIONS = YES;
				CLANG_WARN_DIRECT_OBJC_ISA_USAGE = YES_ERROR;
				CLANG_WARN_DOCUMENTATION_COMMENTS = YES;
				CLANG_WARN_EMPTY_BODY = YES;
				CLANG_WARN_ENUM_CONVERSION = YES;
				CLANG_WARN_INFINITE_RECURSION = YES;
				CLANG_WARN_INT_CONVERSION = YES;
				CLANG_WARN_NON_LITERAL_NULL_CONVERSION = YES;
				CLANG_WARN_OBJC_IMPLICIT_RETAIN_SELF = YES;
				CLANG_WARN_OBJC_LITERAL_CONVERSION = YES;
				CLANG_WARN_OBJC_ROOT_CLASS = YES_ERROR;
				CLANG_WARN_QUOTED_INCLUDE_IN_FRAMEWORK_HEADER = YES;
				CLANG_WARN_RANGE_LOOP_ANALYSIS = YES;
				CLANG_WARN_STRICT_PROTOTYPES = YES;
				CLANG_WARN_SUSPICIOUS_MOVE = YES;
				CLANG_WARN_UNGUARDED_AVAILABILITY = YES_AGGRESSIVE;
				CLANG_WARN_UNREACHABLE_CODE = YES;
				CLANG_WARN__DUPLICATE_METHOD_MATCH = YES;
				COPY_PHASE_STRIP = NO;
				DEBUG_INFORMATION_FORMAT = "dwarf-with-dsym";
				ENABLE_NS_ASSERTIONS = NO;
				ENABLE_STRICT_OBJC_MSGSEND = YES;
				ENABLE_USER_SCRIPT_SANDBOXING = YES;
				GCC_C_LANGUAGE_STANDARD = gnu17;
				GCC_NO_COMMON_BLOCKS = YES;
				GCC_WARN_64_TO_32_BIT_CONVERSION = YES;
				GCC_WARN_ABOUT_RETURN_TYPE = YES_ERROR;
				GCC_WARN_UNDECLARED_SELECTOR = YES;
				GCC_WARN_UNINITIALIZED_AUTOS = YES_AGGRESSIVE;
				GCC_WARN_UNUSED_FUNCTION = YES;
				GCC_WARN_UNUSED_VARIABLE = YES;
				LOCALIZATION_PREFERS_STRING_CATALOGS = YES;
				MACOSX_DEPLOYMENT_TARGET = 15.0;
				MTL_ENABLE_DEBUG_INFO = NO;
				MTL_FAST_MATH = YES;
				SDKROOT = macosx;
			};
			name = Release;
		};
		ABA17B432CAC9D6F000C5050 /* Debug */ = {
			isa = XCBuildConfiguration;
			buildSettings = {
				CODE_SIGN_STYLE = Automatic;
				PRODUCT_NAME = "$(TARGET_NAME)";
			};
			name = Debug;
		};
		ABA17B442CAC9D6F000C5050 /* Release */ = {
			isa = XCBuildConfiguration;
			buildSettings = {
				CODE_SIGN_STYLE = Automatic;
				PRODUCT_NAME = "$(TARGET_NAME)";
			};
			name = Release;
		};
		ABA17B552CAC9E70000C5050 /* Debug */ = {
			isa = XCBuildConfiguration;
			buildSettings = {
				CODE_SIGN_STYLE = Automatic;
				PRODUCT_NAME = "$(TARGET_NAME)";
			};
			name = Debug;
		};
		ABA17B562CAC9E70000C5050 /* Release */ = {
			isa = XCBuildConfiguration;
			buildSettings = {
				CODE_SIGN_STYLE = Automatic;
				PRODUCT_NAME = "$(TARGET_NAME)";
			};
			name = Release;
		};
		ABA17B602CAC9EA2000C5050 /* Debug */ = {
			isa = XCBuildConfiguration;
			buildSettings = {
				CODE_SIGN_STYLE = Automatic;
				PRODUCT_NAME = "$(TARGET_NAME)";
			};
			name = Debug;
		};
		ABA17B612CAC9EA2000C5050 /* Release */ = {
			isa = XCBuildConfiguration;
			buildSettings = {
				CODE_SIGN_STYLE = Automatic;
				PRODUCT_NAME = "$(TARGET_NAME)";
			};
			name = Release;
		};
		ABA17B6B2CAC9EB0000C5050 /* Debug */ = {
			isa = XCBuildConfiguration;
			buildSettings = {
				CODE_SIGN_STYLE = Automatic;
				PRODUCT_NAME = "$(TARGET_NAME)";
			};
			name = Debug;
		};
		ABA17B6C2CAC9EB0000C5050 /* Release */ = {
			isa = XCBuildConfiguration;
			buildSettings = {
				CODE_SIGN_STYLE = Automatic;
				PRODUCT_NAME = "$(TARGET_NAME)";
			};
			name = Release;
		};
/* End XCBuildConfiguration section */

/* Begin XCConfigurationList section */
		AB0409C72CACBE9700FAE9B3 /* Build configuration list for PBXNativeTarget "L01HW03" */ = {
			isa = XCConfigurationList;
			buildConfigurations = (
				AB0409C52CACBE9700FAE9B3 /* Debug */,
				AB0409C62CACBE9700FAE9B3 /* Release */,
			);
			defaultConfigurationIsVisible = 0;
			defaultConfigurationName = Release;
		};
		ABA17B362CAC9D6F000C5050 /* Build configuration list for PBXProject "xcamp" */ = {
			isa = XCConfigurationList;
			buildConfigurations = (
				ABA17B402CAC9D6F000C5050 /* Debug */,
				ABA17B412CAC9D6F000C5050 /* Release */,
			);
			defaultConfigurationIsVisible = 0;
			defaultConfigurationName = Release;
		};
		ABA17B422CAC9D6F000C5050 /* Build configuration list for PBXNativeTarget "L01EX01" */ = {
			isa = XCConfigurationList;
			buildConfigurations = (
				ABA17B432CAC9D6F000C5050 /* Debug */,
				ABA17B442CAC9D6F000C5050 /* Release */,
			);
			defaultConfigurationIsVisible = 0;
			defaultConfigurationName = Release;
		};
		ABA17B542CAC9E70000C5050 /* Build configuration list for PBXNativeTarget "L01EX02" */ = {
			isa = XCConfigurationList;
			buildConfigurations = (
				ABA17B552CAC9E70000C5050 /* Debug */,
				ABA17B562CAC9E70000C5050 /* Release */,
			);
			defaultConfigurationIsVisible = 0;
			defaultConfigurationName = Release;
		};
		ABA17B5F2CAC9EA2000C5050 /* Build configuration list for PBXNativeTarget "L01HW01" */ = {
			isa = XCConfigurationList;
			buildConfigurations = (
				ABA17B602CAC9EA2000C5050 /* Debug */,
				ABA17B612CAC9EA2000C5050 /* Release */,
			);
			defaultConfigurationIsVisible = 0;
			defaultConfigurationName = Release;
		};
		ABA17B6A2CAC9EB0000C5050 /* Build configuration list for PBXNativeTarget "L01HW02" */ = {
			isa = XCConfigurationList;
			buildConfigurations = (
				ABA17B6B2CAC9EB0000C5050 /* Debug */,
				ABA17B6C2CAC9EB0000C5050 /* Release */,
			);
			defaultConfigurationIsVisible = 0;
			defaultConfigurationName = Release;
		};
/* End XCConfigurationList section */
	};
	rootObject = ABA17B332CAC9D6F000C5050 /* Project object */;
}
